# THIS IS AN AUTOGENERATED FILE. DO NOT EDIT THIS FILE DIRECTLY.
# yarn lockfile v1


"@tauri-apps/api@^2.10.1", "@tauri-apps/api@^2.11.1":
  version "2.11.1"
  resolved "https://registry.npmmirror.com/@tauri-apps/api/-/api-2.11.1.tgz"
  integrity sha512-M2FPuYND2m+wh5hfW9ZpSdxMPdEJovPBWwoHJmwUpysTYNHaOkVFN419m/K0LIgjb/7KU2vBgsUepJWugQCvAA==

"@tauri-apps/cli-darwin-arm64@2.11.4":
  version "2.11.4"
  resolved "https://registry.npmmirror.com/@tauri-apps/cli-darwin-arm64/-/cli-darwin-arm64-2.11.4.tgz"
  integrity sha512-1ryOF3ZhpZ/nemHV5zVwBQBz9jDGKmKPvWPADOhc83ig0P4bMc2iER4NbC6r9sjeIZ6RVQ4g3RZIYvezhcl4TQ==

"@tauri-apps/cli@^2":
  version "2.11.4"
  resolved "https://registry.npmmirror.com/@tauri-apps/cli/-/cli-2.11.4.tgz"
  integrity sha512-R8xGtMpwyetawSqm9kYOuMmEqkhUbvcUy8n0aNXIxollKBLESUu5f4Fx+64hgASYm1H+jSWq6jCW6zqTnH6hqQ==
  optionalDependencies:
    "@tauri-apps/cli-darwin-arm64" "2.11.4"
    "@tauri-apps/cli-darwin-x64" "2.11.4"
    "@tauri-apps/cli-linux-arm-gnueabihf" "2.11.4"
    "@tauri-apps/cli-linux-arm64-gnu" "2.11.4"
    "@tauri-apps/cli-linux-arm64-musl" "2.11.4"
    "@tauri-apps/cli-linux-riscv64-gnu" "2.11.4"
    "@tauri-apps/cli-linux-x64-gnu" "2.11.4"
    "@tauri-apps/cli-linux-x64-musl" "2.11.4"
    "@tauri-apps/cli-win32-arm64-msvc" "2.11.4"
    "@tauri-apps/cli-win32-ia32-msvc" "2.11.4"
    "@tauri-apps/cli-win32-x64-msvc" "2.11.4"

"@tauri-apps/plugin-shell@^2.3.5":
  version "2.3.5"
  resolved "https://registry.npmmirror.com/@tauri-apps/plugin-shell/-/plugin-shell-2.3.5.tgz"
  integrity sha512-jewtULhiQ7lI7+owCKAjc8tYLJr92U16bPOeAa472LHJdgaibLP83NcfAF2e+wkEcA53FxKQAZ7byDzs2eeizg==
  dependencies:
    "@tauri-apps/api" "^2.10.1"
